
Microsoft Visual Studio Solution File, Format Version 12.00
# Visual Studio Version 17
VisualStudioVersion = 17.14.36202.13 d17.14
MinimumVisualStudioVersion = 10.0.40219.1
Project("{FAE04EC0-301F-11D3-BF4B-00C04F79EFBC}") = "IMS.WebApp", "IMS.WebApp\IMS.WebApp.csproj", "{FDA89B50-6E84-4697-9BF7-4F8B7557BA52}"
EndProject
Project("{FAE04EC0-301F-11D3-BF4B-00C04F79EFBC}") = "IMS.UseCases", "IMS.UseCases\IMS.UseCases.csproj", "{EF367960-87C1-47C5-8DC5-68E1BEB0A1F7}"
EndProject
Project("{FAE04EC0-301F-11D3-BF4B-00C04F79EFBC}") = "IMS.CoreBusiness", "IMS.CoreBusiness\IMS.CoreBusiness.csproj", "{24672C1E-7A8D-4EC0-A09F-08C11BA914C7}"
EndProject
Global
	GlobalSection(SolutionConfigurationPlatforms) = preSolution
		Debug|Any CPU = Debug|Any CPU
		Release|Any CPU = Release|Any CPU
	EndGlobalSection
	GlobalSection(ProjectConfigurationPlatforms) = postSolution
		{FDA89B50-6E84-4697-9BF7-4F8B7557BA52}.Debug|Any CPU.ActiveCfg = Debug|Any CPU
		{FDA89B50-6E84-4697-9BF7-4F8B7557BA52}.Debug|Any CPU.Build.0 = Debug|Any CPU
		{FDA89B50-6E84-4697-9BF7-4F8B7557BA52}.Release|Any CPU.ActiveCfg = Release|Any CPU
		{FDA89B50-6E84-4697-9BF7-4F8B7557BA52}.Release|Any CPU.Build.0 = Release|Any CPU
		{EF367960-87C1-47C5-8DC5-68E1BEB0A1F7}.Debug|Any CPU.ActiveCfg = Debug|Any CPU
		{EF367960-87C1-47C5-8DC5-68E1BEB0A1F7}.Debug|Any CPU.Build.0 = Debug|Any CPU
		{EF367960-87C1-47C5-8DC5-68E1BEB0A1F7}.Release|Any CPU.ActiveCfg = Release|Any CPU
		{EF367960-87C1-47C5-8DC5-68E1BEB0A1F7}.Release|Any CPU.Build.0 = Release|Any CPU
		{24672C1E-7A8D-4EC0-A09F-08C11BA914C7}.Debug|Any CPU.ActiveCfg = Debug|Any CPU
		{24672C1E-7A8D-4EC0-A09F-08C11BA914C7}.Debug|Any CPU.Build.0 = Debug|Any CPU
		{24672C1E-7A8D-4EC0-A09F-08C11BA914C7}.Release|Any CPU.ActiveCfg = Release|Any CPU
		{24672C1E-7A8D-4EC0-A09F-08C11BA914C7}.Release|Any CPU.Build.0 = Release|Any CPU
	EndGlobalSection
	GlobalSection(SolutionProperties) = preSolution
		HideSolutionNode = FALSE
	EndGlobalSection
	GlobalSection(ExtensibilityGlobals) = postSolution
		SolutionGuid = {876872D6-1EAD-4B21-AA9A-84F1122492FB}
	EndGlobalSection
EndGlobal
